# This file is automatically @generated by Cargo.
# It is not intended for manual editing.
version = 4

[[package]]
name = "log"
version = "0.4.28"
source = "registry+https://github.com/rust-lang/crates.io-index"
checksum = "34080505efa8e45a4b816c349525ebe327ceaa8559756f0356cba97ef3bf7432"

[[package]]
name = "memory_addr"
version = "0.4.0"
source = "registry+https://github.com/rust-lang/crates.io-index"
checksum = "3d4054cba279515fa87761b101d857333ce06391dbe8f18a11347204a7111416"

[[package]]
name = "xcore"
version = "0.1.0"
dependencies = [
 "log",
 "memory_addr",
]

[[package]]
name = "xdb"
version = "0.1.0"
dependencies = [
 "log",
]

[[package]]
name = "xemu"
version = "0.1.0"
dependencies = [
 "log",
 "xcore",
 "xdb",
]
